
Microsoft Visual Studio Solution File, Format Version 12.00
# Visual Studio Version 16
VisualStudioVersion = 16.0.28729.10
MinimumVisualStudioVersion = 10.0.40219.1
Project("{888888A0-9F3D-457C-B088-3A5042F75D52}") = "cj-2019-1", "cj-2019-1.pyproj", "{7F98D512-7CC7-4852-9834-402369536EB1}"
EndProject
Global
	GlobalSection(SolutionConfigurationPlatforms) = preSolution
		Debug|Any CPU = Debug|Any CPU
		Release|Any CPU = Release|Any CPU
	EndGlobalSection
	GlobalSection(ProjectConfigurationPlatforms) = postSolution
		{7F98D512-7CC7-4852-9834-402369536EB1}.Debug|Any CPU.ActiveCfg = Debug|Any CPU
		{7F98D512-7CC7-4852-9834-402369536EB1}.Release|Any CPU.ActiveCfg = Release|Any CPU
	EndGlobalSection
	GlobalSection(SolutionProperties) = preSolution
		HideSolutionNode = FALSE
	EndGlobalSection
	GlobalSection(ExtensibilityGlobals) = postSolution
		SolutionGuid = {31447F64-CB67-4A51-B09B-608A3A604D0C}
	EndGlobalSection
EndGlobal
